
Microsoft Visual Studio Solution File, Format Version 12.00
# Visual Studio Version 16
VisualStudioVersion = 16.0.29411.108
MinimumVisualStudioVersion = 10.0.40219.1
Project("{2150E333-8FDC-42A3-9474-1A3956D46DE8}") = "SBO", "SBO", "{89FA3723-9B14-4963-9753-689765E5EE4C}"
EndProject
Project("{2150E333-8FDC-42A3-9474-1A3956D46DE8}") = "SCCO", "SCCO", "{4BDDC2F3-3746-4D42-AF0A-ED62C236EF28}"
EndProject
Project("{2150E333-8FDC-42A3-9474-1A3956D46DE8}") = "Kontrol", "Kontrol", "{616B5480-F160-4A18-AA83-951BF1A8C7BF}"
EndProject
Project("{FAE04EC0-301F-11D3-BF4B-00C04F79EFBC}") = "EK.Modelo.Kontrol", "EK.Modelo.Kontrol\EK.Modelo.Kontrol.csproj", "{6DFBFA1A-70B1-4AE3-8F8E-0581986D7AD3}"
EndProject
Project("{FAE04EC0-301F-11D3-BF4B-00C04F79EFBC}") = "EK.Datos.Kontrol", "EK.Datos.Kontrol\EK.Datos.Kontrol.csproj", "{D419E7E9-B99F-4124-8B4D-28514159EC6F}"
EndProject
Project("{FAE04EC0-301F-11D3-BF4B-00C04F79EFBC}") = "EK.Procesos.Kontrol", "EK.Procesos.Kontrol\EK.Procesos.Kontrol.csproj", "{F14F0CF6-0B1C-4E36-B9CC-6DE2A3EEEC68}"
EndProject
Project("{FAE04EC0-301F-11D3-BF4B-00C04F79EFBC}") = "EK.App", "EK.App\EK.App.csproj", "{BB9C07D7-C1BB-4F89-94E1-E7EAF621BF9B}"
EndProject
Project("{FAE04EC0-301F-11D3-BF4B-00C04F79EFBC}") = "EK.Web.Kontrol", "EK.Web.Kontrol\EK.Web.Kontrol.csproj", "{5EBCF491-39AE-4133-87D4-C49565AD5309}"
EndProject
Project("{FAE04EC0-301F-11D3-BF4B-00C04F79EFBC}") = "EK.Common", "EK.Common\EK.Common.csproj", "{4DD42C64-CF0D-4BB1-AD1F-D634C06A5360}"
EndProject
Project("{FAE04EC0-301F-11D3-BF4B-00C04F79EFBC}") = "EK.Utils", "EK.Utils\EK.Utils.csproj", "{590891E3-D0C1-4288-9168-8C1E6C0C19AC}"
EndProject
Project("{2150E333-8FDC-42A3-9474-1A3956D46DE8}") = "SCP", "SCP", "{3E5F773D-9AA9-4841-B9BB-CE2B998797C8}"
EndProject
Project("{2150E333-8FDC-42A3-9474-1A3956D46DE8}") = "SOC", "SOC", "{22D1DFF8-B9E8-4B67-AA20-A6857EE8A200}"
EndProject
Project("{2150E333-8FDC-42A3-9474-1A3956D46DE8}") = "ML", "ML", "{6DBE1C0C-9EC7-4E09-816A-6BF193E59E6C}"
EndProject
Project("{FAE04EC0-301F-11D3-BF4B-00C04F79EFBC}") = "EK.ML", "EK.ML\EK.ML.csproj", "{86B91830-A051-47FE-8F61-848F2723B547}"
EndProject
Project("{2150E333-8FDC-42A3-9474-1A3956D46DE8}") = "SCV", "SCV", "{C6EA7A2D-AF8C-47D0-8E57-95B09070BAA8}"
EndProject
Project("{FAE04EC0-301F-11D3-BF4B-00C04F79EFBC}") = "EK.Datos.SCV", "SCV\EK.Datos.SCV\EK.Datos.SCV.csproj", "{370C9CD6-F56E-4AAB-85D9-6438B11CCF04}"
EndProject
Project("{FAE04EC0-301F-11D3-BF4B-00C04F79EFBC}") = "EK.Web.SCV", "SCV\EK.Web.SCV\EK.Web.SCV.csproj", "{CE769D06-1627-4FB0-88E7-F314CD2D93C0}"
EndProject
Project("{FAE04EC0-301F-11D3-BF4B-00C04F79EFBC}") = "EK.Procesos.SCV", "SCV\EK.Procesos.SCV\EK.Procesos.SCV.csproj", "{D76F0F25-8384-4439-AD9E-94282FAAE0BD}"
EndProject
Project("{FAE04EC0-301F-11D3-BF4B-00C04F79EFBC}") = "EK.Modelo.SCV", "SCV\EK.Modelo.SCV\EK.Modelo.SCV.csproj", "{054F08A5-AB0D-4D31-8342-6FDC87A0AF10}"
EndProject
Project("{2150E333-8FDC-42A3-9474-1A3956D46DE8}") = "Solution Items", "Solution Items", "{C8A9CD9A-BF1F-4C71-BB64-67B89D3ED572}"
	ProjectSection(SolutionItems) = preProject
		.editorconfig = .editorconfig
	EndProjectSection
EndProject
Project("{2150E333-8FDC-42A3-9474-1A3956D46DE8}") = "Interfaces", "Interfaces", "{4B6F48AD-FD7F-4336-93BC-AE78C79DBE3D}"
EndProject
Project("{2150E333-8FDC-42A3-9474-1A3956D46DE8}") = "Dependencias", "Dependencias", "{3925AB8D-A830-443D-AEF3-FDA88C444796}"
	ProjectSection(SolutionItems) = preProject
		packages\EnKontrol\GdPicture.NET.14.barcode.1d.reader.dll = packages\EnKontrol\GdPicture.NET.14.barcode.1d.reader.dll
		packages\EnKontrol\GdPicture.NET.14.barcode.2d.reader.dll = packages\EnKontrol\GdPicture.NET.14.barcode.2d.reader.dll
		packages\EnKontrol\GdPicture.NET.14.document.analyzer.dll = packages\EnKontrol\GdPicture.NET.14.document.analyzer.dll
		packages\EnKontrol\GdPicture.NET.14.filters.dll = packages\EnKontrol\GdPicture.NET.14.filters.dll
		packages\EnKontrol\GdPicture.NET.14.image.gdimgplug.dll = packages\EnKontrol\GdPicture.NET.14.image.gdimgplug.dll
		EK.App\App_Data\Dependencias\GdPicture.NET.14.Imaging.Rendering.Skia.dll = EK.App\App_Data\Dependencias\GdPicture.NET.14.Imaging.Rendering.Skia.dll
		packages\EnKontrol\GdPicture.NET.14.jbig2.encoder.dll = packages\EnKontrol\GdPicture.NET.14.jbig2.encoder.dll
		packages\EnKontrol\GdPicture.NET.14.ocr.tesseract.3.dll = packages\EnKontrol\GdPicture.NET.14.ocr.tesseract.3.dll
		packages\EnKontrol\GdPicture.NET.14.omr.dll = packages\EnKontrol\GdPicture.NET.14.omr.dll
		packages\EnKontrol\GdPicture.NET.14.twain.client.dll = packages\EnKontrol\GdPicture.NET.14.twain.client.dll
	EndProjectSection
EndProject
Global
	GlobalSection(SolutionConfigurationPlatforms) = preSolution
		BASE ALORA|Any CPU = BASE ALORA|Any CPU
		BASE DEMO|Any CPU = BASE DEMO|Any CPU
		BASE RELEASE|Any CPU = BASE RELEASE|Any CPU
		BASE|Any CPU = BASE|Any CPU
		CONSULTE|Any CPU = CONSULTE|Any CPU
		Debug|Any CPU = Debug|Any CPU
		EMPORIUM|Any CPU = EMPORIUM|Any CPU
		Release|Any CPU = Release|Any CPU
		RUBA|Any CPU = RUBA|Any CPU
	EndGlobalSection
	GlobalSection(ProjectConfigurationPlatforms) = postSolution
		{6DFBFA1A-70B1-4AE3-8F8E-0581986D7AD3}.BASE ALORA|Any CPU.ActiveCfg = BASE ALORA|Any CPU
		{6DFBFA1A-70B1-4AE3-8F8E-0581986D7AD3}.BASE ALORA|Any CPU.Build.0 = BASE ALORA|Any CPU
		{6DFBFA1A-70B1-4AE3-8F8E-0581986D7AD3}.BASE DEMO|Any CPU.ActiveCfg = BASE DEMO|Any CPU
		{6DFBFA1A-70B1-4AE3-8F8E-0581986D7AD3}.BASE DEMO|Any CPU.Build.0 = BASE DEMO|Any CPU
		{6DFBFA1A-70B1-4AE3-8F8E-0581986D7AD3}.BASE RELEASE|Any CPU.ActiveCfg = BASE RELEASE|Any CPU
		{6DFBFA1A-70B1-4AE3-8F8E-0581986D7AD3}.BASE RELEASE|Any CPU.Build.0 = BASE RELEASE|Any CPU
		{6DFBFA1A-70B1-4AE3-8F8E-0581986D7AD3}.BASE|Any CPU.ActiveCfg = BASE|Any CPU
		{6DFBFA1A-70B1-4AE3-8F8E-0581986D7AD3}.BASE|Any CPU.Build.0 = BASE|Any CPU
		{6DFBFA1A-70B1-4AE3-8F8E-0581986D7AD3}.CONSULTE|Any CPU.ActiveCfg = CONSULTE|Any CPU
		{6DFBFA1A-70B1-4AE3-8F8E-0581986D7AD3}.CONSULTE|Any CPU.Build.0 = CONSULTE|Any CPU
		{6DFBFA1A-70B1-4AE3-8F8E-0581986D7AD3}.Debug|Any CPU.ActiveCfg = Debug|Any CPU
		{6DFBFA1A-70B1-4AE3-8F8E-0581986D7AD3}.Debug|Any CPU.Build.0 = Debug|Any CPU
		{6DFBFA1A-70B1-4AE3-8F8E-0581986D7AD3}.EMPORIUM|Any CPU.ActiveCfg = EMPORIUM|Any CPU
		{6DFBFA1A-70B1-4AE3-8F8E-0581986D7AD3}.EMPORIUM|Any CPU.Build.0 = EMPORIUM|Any CPU
		{6DFBFA1A-70B1-4AE3-8F8E-0581986D7AD3}.Release|Any CPU.ActiveCfg = Release|Any CPU
		{6DFBFA1A-70B1-4AE3-8F8E-0581986D7AD3}.Release|Any CPU.Build.0 = Release|Any CPU
		{6DFBFA1A-70B1-4AE3-8F8E-0581986D7AD3}.RUBA|Any CPU.ActiveCfg = RUBA|Any CPU
		{6DFBFA1A-70B1-4AE3-8F8E-0581986D7AD3}.RUBA|Any CPU.Build.0 = RUBA|Any CPU
		{D419E7E9-B99F-4124-8B4D-28514159EC6F}.BASE ALORA|Any CPU.ActiveCfg = BASE ALORA|Any CPU
		{D419E7E9-B99F-4124-8B4D-28514159EC6F}.BASE ALORA|Any CPU.Build.0 = BASE ALORA|Any CPU
		{D419E7E9-B99F-4124-8B4D-28514159EC6F}.BASE DEMO|Any CPU.ActiveCfg = BASE DEMO|Any CPU
		{D419E7E9-B99F-4124-8B4D-28514159EC6F}.BASE DEMO|Any CPU.Build.0 = BASE DEMO|Any CPU
		{D419E7E9-B99F-4124-8B4D-28514159EC6F}.BASE RELEASE|Any CPU.ActiveCfg = BASE RELEASE|Any CPU
		{D419E7E9-B99F-4124-8B4D-28514159EC6F}.BASE RELEASE|Any CPU.Build.0 = BASE RELEASE|Any CPU
		{D419E7E9-B99F-4124-8B4D-28514159EC6F}.BASE|Any CPU.ActiveCfg = BASE|Any CPU
		{D419E7E9-B99F-4124-8B4D-28514159EC6F}.BASE|Any CPU.Build.0 = BASE|Any CPU
		{D419E7E9-B99F-4124-8B4D-28514159EC6F}.CONSULTE|Any CPU.ActiveCfg = CONSULTE|Any CPU
		{D419E7E9-B99F-4124-8B4D-28514159EC6F}.CONSULTE|Any CPU.Build.0 = CONSULTE|Any CPU
		{D419E7E9-B99F-4124-8B4D-28514159EC6F}.Debug|Any CPU.ActiveCfg = Debug|Any CPU
		{D419E7E9-B99F-4124-8B4D-28514159EC6F}.Debug|Any CPU.Build.0 = Debug|Any CPU
		{D419E7E9-B99F-4124-8B4D-28514159EC6F}.EMPORIUM|Any CPU.ActiveCfg = EMPORIUM|Any CPU
		{D419E7E9-B99F-4124-8B4D-28514159EC6F}.EMPORIUM|Any CPU.Build.0 = EMPORIUM|Any CPU
		{D419E7E9-B99F-4124-8B4D-28514159EC6F}.Release|Any CPU.ActiveCfg = Release|Any CPU
		{D419E7E9-B99F-4124-8B4D-28514159EC6F}.Release|Any CPU.Build.0 = Release|Any CPU
		{D419E7E9-B99F-4124-8B4D-28514159EC6F}.RUBA|Any CPU.ActiveCfg = RUBA|Any CPU
		{D419E7E9-B99F-4124-8B4D-28514159EC6F}.RUBA|Any CPU.Build.0 = RUBA|Any CPU
		{F14F0CF6-0B1C-4E36-B9CC-6DE2A3EEEC68}.BASE ALORA|Any CPU.ActiveCfg = BASE ALORA|Any CPU
		{F14F0CF6-0B1C-4E36-B9CC-6DE2A3EEEC68}.BASE ALORA|Any CPU.Build.0 = BASE ALORA|Any CPU
		{F14F0CF6-0B1C-4E36-B9CC-6DE2A3EEEC68}.BASE DEMO|Any CPU.ActiveCfg = BASE DEMO|Any CPU
		{F14F0CF6-0B1C-4E36-B9CC-6DE2A3EEEC68}.BASE DEMO|Any CPU.Build.0 = BASE DEMO|Any CPU
		{F14F0CF6-0B1C-4E36-B9CC-6DE2A3EEEC68}.BASE RELEASE|Any CPU.ActiveCfg = BASE RELEASE|Any CPU
		{F14F0CF6-0B1C-4E36-B9CC-6DE2A3EEEC68}.BASE RELEASE|Any CPU.Build.0 = BASE RELEASE|Any CPU
		{F14F0CF6-0B1C-4E36-B9CC-6DE2A3EEEC68}.BASE|Any CPU.ActiveCfg = BASE|Any CPU
		{F14F0CF6-0B1C-4E36-B9CC-6DE2A3EEEC68}.BASE|Any CPU.Build.0 = BASE|Any CPU
		{F14F0CF6-0B1C-4E36-B9CC-6DE2A3EEEC68}.CONSULTE|Any CPU.ActiveCfg = CONSULTE|Any CPU
		{F14F0CF6-0B1C-4E36-B9CC-6DE2A3EEEC68}.CONSULTE|Any CPU.Build.0 = CONSULTE|Any CPU
		{F14F0CF6-0B1C-4E36-B9CC-6DE2A3EEEC68}.Debug|Any CPU.ActiveCfg = Debug|Any CPU
		{F14F0CF6-0B1C-4E36-B9CC-6DE2A3EEEC68}.Debug|Any CPU.Build.0 = Debug|Any CPU
		{F14F0CF6-0B1C-4E36-B9CC-6DE2A3EEEC68}.EMPORIUM|Any CPU.ActiveCfg = EMPORIUM|Any CPU
		{F14F0CF6-0B1C-4E36-B9CC-6DE2A3EEEC68}.EMPORIUM|Any CPU.Build.0 = EMPORIUM|Any CPU
		{F14F0CF6-0B1C-4E36-B9CC-6DE2A3EEEC68}.Release|Any CPU.ActiveCfg = Release|Any CPU
		{F14F0CF6-0B1C-4E36-B9CC-6DE2A3EEEC68}.Release|Any CPU.Build.0 = Release|Any CPU
		{F14F0CF6-0B1C-4E36-B9CC-6DE2A3EEEC68}.RUBA|Any CPU.ActiveCfg = RUBA|Any CPU
		{F14F0CF6-0B1C-4E36-B9CC-6DE2A3EEEC68}.RUBA|Any CPU.Build.0 = RUBA|Any CPU
		{BB9C07D7-C1BB-4F89-94E1-E7EAF621BF9B}.BASE ALORA|Any CPU.ActiveCfg = BASE ALORA|Any CPU
		{BB9C07D7-C1BB-4F89-94E1-E7EAF621BF9B}.BASE ALORA|Any CPU.Build.0 = BASE ALORA|Any CPU
		{BB9C07D7-C1BB-4F89-94E1-E7EAF621BF9B}.BASE DEMO|Any CPU.ActiveCfg = BASE DEMO|Any CPU
		{BB9C07D7-C1BB-4F89-94E1-E7EAF621BF9B}.BASE DEMO|Any CPU.Build.0 = BASE DEMO|Any CPU
		{BB9C07D7-C1BB-4F89-94E1-E7EAF621BF9B}.BASE RELEASE|Any CPU.ActiveCfg = BASE RELEASE|Any CPU
		{BB9C07D7-C1BB-4F89-94E1-E7EAF621BF9B}.BASE RELEASE|Any CPU.Build.0 = BASE RELEASE|Any CPU
		{BB9C07D7-C1BB-4F89-94E1-E7EAF621BF9B}.BASE|Any CPU.ActiveCfg = BASE|Any CPU
		{BB9C07D7-C1BB-4F89-94E1-E7EAF621BF9B}.BASE|Any CPU.Build.0 = BASE|Any CPU
		{BB9C07D7-C1BB-4F89-94E1-E7EAF621BF9B}.CONSULTE|Any CPU.ActiveCfg = CONSULTE|Any CPU
		{BB9C07D7-C1BB-4F89-94E1-E7EAF621BF9B}.CONSULTE|Any CPU.Build.0 = CONSULTE|Any CPU
		{BB9C07D7-C1BB-4F89-94E1-E7EAF621BF9B}.Debug|Any CPU.ActiveCfg = Debug|Any CPU
		{BB9C07D7-C1BB-4F89-94E1-E7EAF621BF9B}.Debug|Any CPU.Build.0 = Debug|Any CPU
		{BB9C07D7-C1BB-4F89-94E1-E7EAF621BF9B}.Debug|Any CPU.Deploy.0 = Debug|Any CPU
		{BB9C07D7-C1BB-4F89-94E1-E7EAF621BF9B}.EMPORIUM|Any CPU.ActiveCfg = EMPORIUM|Any CPU
		{BB9C07D7-C1BB-4F89-94E1-E7EAF621BF9B}.EMPORIUM|Any CPU.Build.0 = EMPORIUM|Any CPU
		{BB9C07D7-C1BB-4F89-94E1-E7EAF621BF9B}.Release|Any CPU.ActiveCfg = Release|Any CPU
		{BB9C07D7-C1BB-4F89-94E1-E7EAF621BF9B}.Release|Any CPU.Build.0 = Release|Any CPU
		{BB9C07D7-C1BB-4F89-94E1-E7EAF621BF9B}.RUBA|Any CPU.ActiveCfg = RUBA|Any CPU
		{BB9C07D7-C1BB-4F89-94E1-E7EAF621BF9B}.RUBA|Any CPU.Build.0 = RUBA|Any CPU
		{5EBCF491-39AE-4133-87D4-C49565AD5309}.BASE ALORA|Any CPU.ActiveCfg = BASE ALORA|Any CPU
		{5EBCF491-39AE-4133-87D4-C49565AD5309}.BASE ALORA|Any CPU.Build.0 = BASE ALORA|Any CPU
		{5EBCF491-39AE-4133-87D4-C49565AD5309}.BASE DEMO|Any CPU.ActiveCfg = BASE DEMO|Any CPU
		{5EBCF491-39AE-4133-87D4-C49565AD5309}.BASE DEMO|Any CPU.Build.0 = BASE DEMO|Any CPU
		{5EBCF491-39AE-4133-87D4-C49565AD5309}.BASE RELEASE|Any CPU.ActiveCfg = BASE RELEASE|Any CPU
		{5EBCF491-39AE-4133-87D4-C49565AD5309}.BASE RELEASE|Any CPU.Build.0 = BASE RELEASE|Any CPU
		{5EBCF491-39AE-4133-87D4-C49565AD5309}.BASE|Any CPU.ActiveCfg = BASE|Any CPU
		{5EBCF491-39AE-4133-87D4-C49565AD5309}.BASE|Any CPU.Build.0 = BASE|Any CPU
		{5EBCF491-39AE-4133-87D4-C49565AD5309}.CONSULTE|Any CPU.ActiveCfg = CONSULTE|Any CPU
		{5EBCF491-39AE-4133-87D4-C49565AD5309}.CONSULTE|Any CPU.Build.0 = CONSULTE|Any CPU
		{5EBCF491-39AE-4133-87D4-C49565AD5309}.Debug|Any CPU.ActiveCfg = Debug|Any CPU
		{5EBCF491-39AE-4133-87D4-C49565AD5309}.Debug|Any CPU.Build.0 = Debug|Any CPU
		{5EBCF491-39AE-4133-87D4-C49565AD5309}.EMPORIUM|Any CPU.ActiveCfg = EMPORIUM|Any CPU
		{5EBCF491-39AE-4133-87D4-C49565AD5309}.EMPORIUM|Any CPU.Build.0 = EMPORIUM|Any CPU
		{5EBCF491-39AE-4133-87D4-C49565AD5309}.Release|Any CPU.ActiveCfg = Release|Any CPU
		{5EBCF491-39AE-4133-87D4-C49565AD5309}.Release|Any CPU.Build.0 = Release|Any CPU
		{5EBCF491-39AE-4133-87D4-C49565AD5309}.RUBA|Any CPU.ActiveCfg = RUBA|Any CPU
		{5EBCF491-39AE-4133-87D4-C49565AD5309}.RUBA|Any CPU.Build.0 = RUBA|Any CPU
		{4DD42C64-CF0D-4BB1-AD1F-D634C06A5360}.BASE ALORA|Any CPU.ActiveCfg = BASE ALORA|Any CPU
		{4DD42C64-CF0D-4BB1-AD1F-D634C06A5360}.BASE ALORA|Any CPU.Build.0 = BASE ALORA|Any CPU
		{4DD42C64-CF0D-4BB1-AD1F-D634C06A5360}.BASE DEMO|Any CPU.ActiveCfg = BASE DEMO|Any CPU
		{4DD42C64-CF0D-4BB1-AD1F-D634C06A5360}.BASE DEMO|Any CPU.Build.0 = BASE DEMO|Any CPU
		{4DD42C64-CF0D-4BB1-AD1F-D634C06A5360}.BASE RELEASE|Any CPU.ActiveCfg = BASE RELEASE|Any CPU
		{4DD42C64-CF0D-4BB1-AD1F-D634C06A5360}.BASE RELEASE|Any CPU.Build.0 = BASE RELEASE|Any CPU
		{4DD42C64-CF0D-4BB1-AD1F-D634C06A5360}.BASE|Any CPU.ActiveCfg = BASE|Any CPU
		{4DD42C64-CF0D-4BB1-AD1F-D634C06A5360}.BASE|Any CPU.Build.0 = BASE|Any CPU
		{4DD42C64-CF0D-4BB1-AD1F-D634C06A5360}.CONSULTE|Any CPU.ActiveCfg = CONSULTE|Any CPU
		{4DD42C64-CF0D-4BB1-AD1F-D634C06A5360}.CONSULTE|Any CPU.Build.0 = CONSULTE|Any CPU
		{4DD42C64-CF0D-4BB1-AD1F-D634C06A5360}.Debug|Any CPU.ActiveCfg = Debug|Any CPU
		{4DD42C64-CF0D-4BB1-AD1F-D634C06A5360}.Debug|Any CPU.Build.0 = Debug|Any CPU
		{4DD42C64-CF0D-4BB1-AD1F-D634C06A5360}.EMPORIUM|Any CPU.ActiveCfg = EMPORIUM|Any CPU
		{4DD42C64-CF0D-4BB1-AD1F-D634C06A5360}.EMPORIUM|Any CPU.Build.0 = EMPORIUM|Any CPU
		{4DD42C64-CF0D-4BB1-AD1F-D634C06A5360}.Release|Any CPU.ActiveCfg = Release|Any CPU
		{4DD42C64-CF0D-4BB1-AD1F-D634C06A5360}.Release|Any CPU.Build.0 = Release|Any CPU
		{4DD42C64-CF0D-4BB1-AD1F-D634C06A5360}.RUBA|Any CPU.ActiveCfg = RUBA|Any CPU
		{4DD42C64-CF0D-4BB1-AD1F-D634C06A5360}.RUBA|Any CPU.Build.0 = RUBA|Any CPU
		{590891E3-D0C1-4288-9168-8C1E6C0C19AC}.BASE ALORA|Any CPU.ActiveCfg = BASE ALORA|Any CPU
		{590891E3-D0C1-4288-9168-8C1E6C0C19AC}.BASE ALORA|Any CPU.Build.0 = BASE ALORA|Any CPU
		{590891E3-D0C1-4288-9168-8C1E6C0C19AC}.BASE DEMO|Any CPU.ActiveCfg = BASE DEMO|Any CPU
		{590891E3-D0C1-4288-9168-8C1E6C0C19AC}.BASE DEMO|Any CPU.Build.0 = BASE DEMO|Any CPU
		{590891E3-D0C1-4288-9168-8C1E6C0C19AC}.BASE RELEASE|Any CPU.ActiveCfg = BASE RELEASE|Any CPU
		{590891E3-D0C1-4288-9168-8C1E6C0C19AC}.BASE RELEASE|Any CPU.Build.0 = BASE RELEASE|Any CPU
		{590891E3-D0C1-4288-9168-8C1E6C0C19AC}.BASE|Any CPU.ActiveCfg = BASE|Any CPU
		{590891E3-D0C1-4288-9168-8C1E6C0C19AC}.BASE|Any CPU.Build.0 = BASE|Any CPU
		{590891E3-D0C1-4288-9168-8C1E6C0C19AC}.CONSULTE|Any CPU.ActiveCfg = CONSULTE|Any CPU
		{590891E3-D0C1-4288-9168-8C1E6C0C19AC}.CONSULTE|Any CPU.Build.0 = CONSULTE|Any CPU
		{590891E3-D0C1-4288-9168-8C1E6C0C19AC}.Debug|Any CPU.ActiveCfg = Debug|Any CPU
		{590891E3-D0C1-4288-9168-8C1E6C0C19AC}.Debug|Any CPU.Build.0 = Debug|Any CPU
		{590891E3-D0C1-4288-9168-8C1E6C0C19AC}.EMPORIUM|Any CPU.ActiveCfg = EMPORIUM|Any CPU
		{590891E3-D0C1-4288-9168-8C1E6C0C19AC}.EMPORIUM|Any CPU.Build.0 = EMPORIUM|Any CPU
		{590891E3-D0C1-4288-9168-8C1E6C0C19AC}.Release|Any CPU.ActiveCfg = Release|Any CPU
		{590891E3-D0C1-4288-9168-8C1E6C0C19AC}.Release|Any CPU.Build.0 = Release|Any CPU
		{590891E3-D0C1-4288-9168-8C1E6C0C19AC}.RUBA|Any CPU.ActiveCfg = RUBA|Any CPU
		{590891E3-D0C1-4288-9168-8C1E6C0C19AC}.RUBA|Any CPU.Build.0 = RUBA|Any CPU
		{86B91830-A051-47FE-8F61-848F2723B547}.BASE ALORA|Any CPU.ActiveCfg = BASE ALORA|Any CPU
		{86B91830-A051-47FE-8F61-848F2723B547}.BASE ALORA|Any CPU.Build.0 = BASE ALORA|Any CPU
		{86B91830-A051-47FE-8F61-848F2723B547}.BASE DEMO|Any CPU.ActiveCfg = BASE DEMO|Any CPU
		{86B91830-A051-47FE-8F61-848F2723B547}.BASE DEMO|Any CPU.Build.0 = BASE DEMO|Any CPU
		{86B91830-A051-47FE-8F61-848F2723B547}.BASE RELEASE|Any CPU.ActiveCfg = BASE RELEASE|Any CPU
		{86B91830-A051-47FE-8F61-848F2723B547}.BASE RELEASE|Any CPU.Build.0 = BASE RELEASE|Any CPU
		{86B91830-A051-47FE-8F61-848F2723B547}.BASE|Any CPU.ActiveCfg = BASE|Any CPU
		{86B91830-A051-47FE-8F61-848F2723B547}.BASE|Any CPU.Build.0 = BASE|Any CPU
		{86B91830-A051-47FE-8F61-848F2723B547}.CONSULTE|Any CPU.ActiveCfg = CONSULTE|Any CPU
		{86B91830-A051-47FE-8F61-848F2723B547}.CONSULTE|Any CPU.Build.0 = CONSULTE|Any CPU
		{86B91830-A051-47FE-8F61-848F2723B547}.Debug|Any CPU.ActiveCfg = Debug|Any CPU
		{86B91830-A051-47FE-8F61-848F2723B547}.Debug|Any CPU.Build.0 = Debug|Any CPU
		{86B91830-A051-47FE-8F61-848F2723B547}.EMPORIUM|Any CPU.ActiveCfg = EMPORIUM|Any CPU
		{86B91830-A051-47FE-8F61-848F2723B547}.EMPORIUM|Any CPU.Build.0 = EMPORIUM|Any CPU
		{86B91830-A051-47FE-8F61-848F2723B547}.Release|Any CPU.ActiveCfg = Release|Any CPU
		{86B91830-A051-47FE-8F61-848F2723B547}.Release|Any CPU.Build.0 = Release|Any CPU
		{86B91830-A051-47FE-8F61-848F2723B547}.RUBA|Any CPU.ActiveCfg = RUBA|Any CPU
		{86B91830-A051-47FE-8F61-848F2723B547}.RUBA|Any CPU.Build.0 = RUBA|Any CPU
		{370C9CD6-F56E-4AAB-85D9-6438B11CCF04}.BASE ALORA|Any CPU.ActiveCfg = BASE ALORA|Any CPU
		{370C9CD6-F56E-4AAB-85D9-6438B11CCF04}.BASE ALORA|Any CPU.Build.0 = BASE ALORA|Any CPU
		{370C9CD6-F56E-4AAB-85D9-6438B11CCF04}.BASE DEMO|Any CPU.ActiveCfg = BASE DEMO|Any CPU
		{370C9CD6-F56E-4AAB-85D9-6438B11CCF04}.BASE DEMO|Any CPU.Build.0 = BASE DEMO|Any CPU
		{370C9CD6-F56E-4AAB-85D9-6438B11CCF04}.BASE RELEASE|Any CPU.ActiveCfg = BASE RELEASE|Any CPU
		{370C9CD6-F56E-4AAB-85D9-6438B11CCF04}.BASE RELEASE|Any CPU.Build.0 = BASE RELEASE|Any CPU
		{370C9CD6-F56E-4AAB-85D9-6438B11CCF04}.BASE|Any CPU.ActiveCfg = BASE|Any CPU
		{370C9CD6-F56E-4AAB-85D9-6438B11CCF04}.BASE|Any CPU.Build.0 = BASE|Any CPU
		{370C9CD6-F56E-4AAB-85D9-6438B11CCF04}.CONSULTE|Any CPU.ActiveCfg = CONSULTE|Any CPU
		{370C9CD6-F56E-4AAB-85D9-6438B11CCF04}.CONSULTE|Any CPU.Build.0 = CONSULTE|Any CPU
		{370C9CD6-F56E-4AAB-85D9-6438B11CCF04}.Debug|Any CPU.ActiveCfg = Debug|Any CPU
		{370C9CD6-F56E-4AAB-85D9-6438B11CCF04}.Debug|Any CPU.Build.0 = Debug|Any CPU
		{370C9CD6-F56E-4AAB-85D9-6438B11CCF04}.EMPORIUM|Any CPU.ActiveCfg = EMPORIUM|Any CPU
		{370C9CD6-F56E-4AAB-85D9-6438B11CCF04}.EMPORIUM|Any CPU.Build.0 = EMPORIUM|Any CPU
		{370C9CD6-F56E-4AAB-85D9-6438B11CCF04}.Release|Any CPU.ActiveCfg = Release|Any CPU
		{370C9CD6-F56E-4AAB-85D9-6438B11CCF04}.Release|Any CPU.Build.0 = Release|Any CPU
		{370C9CD6-F56E-4AAB-85D9-6438B11CCF04}.RUBA|Any CPU.ActiveCfg = RUBA|Any CPU
		{370C9CD6-F56E-4AAB-85D9-6438B11CCF04}.RUBA|Any CPU.Build.0 = RUBA|Any CPU
		{CE769D06-1627-4FB0-88E7-F314CD2D93C0}.BASE ALORA|Any CPU.ActiveCfg = BASE ALORA|Any CPU
		{CE769D06-1627-4FB0-88E7-F314CD2D93C0}.BASE ALORA|Any CPU.Build.0 = BASE ALORA|Any CPU
		{CE769D06-1627-4FB0-88E7-F314CD2D93C0}.BASE DEMO|Any CPU.ActiveCfg = BASE DEMO|Any CPU
		{CE769D06-1627-4FB0-88E7-F314CD2D93C0}.BASE DEMO|Any CPU.Build.0 = BASE DEMO|Any CPU
		{CE769D06-1627-4FB0-88E7-F314CD2D93C0}.BASE RELEASE|Any CPU.ActiveCfg = BASE RELEASE|Any CPU
		{CE769D06-1627-4FB0-88E7-F314CD2D93C0}.BASE RELEASE|Any CPU.Build.0 = BASE RELEASE|Any CPU
		{CE769D06-1627-4FB0-88E7-F314CD2D93C0}.BASE|Any CPU.ActiveCfg = BASE|Any CPU
		{CE769D06-1627-4FB0-88E7-F314CD2D93C0}.BASE|Any CPU.Build.0 = BASE|Any CPU
		{CE769D06-1627-4FB0-88E7-F314CD2D93C0}.CONSULTE|Any CPU.ActiveCfg = CONSULTE|Any CPU
		{CE769D06-1627-4FB0-88E7-F314CD2D93C0}.CONSULTE|Any CPU.Build.0 = CONSULTE|Any CPU
		{CE769D06-1627-4FB0-88E7-F314CD2D93C0}.Debug|Any CPU.ActiveCfg = Debug|Any CPU
		{CE769D06-1627-4FB0-88E7-F314CD2D93C0}.Debug|Any CPU.Build.0 = Debug|Any CPU
		{CE769D06-1627-4FB0-88E7-F314CD2D93C0}.EMPORIUM|Any CPU.ActiveCfg = EMPORIUM|Any CPU
		{CE769D06-1627-4FB0-88E7-F314CD2D93C0}.EMPORIUM|Any CPU.Build.0 = EMPORIUM|Any CPU
		{CE769D06-1627-4FB0-88E7-F314CD2D93C0}.Release|Any CPU.ActiveCfg = Release|Any CPU
		{CE769D06-1627-4FB0-88E7-F314CD2D93C0}.Release|Any CPU.Build.0 = Release|Any CPU
		{CE769D06-1627-4FB0-88E7-F314CD2D93C0}.RUBA|Any CPU.ActiveCfg = RUBA|Any CPU
		{CE769D06-1627-4FB0-88E7-F314CD2D93C0}.RUBA|Any CPU.Build.0 = RUBA|Any CPU
		{D76F0F25-8384-4439-AD9E-94282FAAE0BD}.BASE ALORA|Any CPU.ActiveCfg = BASE ALORA|Any CPU
		{D76F0F25-8384-4439-AD9E-94282FAAE0BD}.BASE ALORA|Any CPU.Build.0 = BASE ALORA|Any CPU
		{D76F0F25-8384-4439-AD9E-94282FAAE0BD}.BASE DEMO|Any CPU.ActiveCfg = BASE DEMO|Any CPU
		{D76F0F25-8384-4439-AD9E-94282FAAE0BD}.BASE DEMO|Any CPU.Build.0 = BASE DEMO|Any CPU
		{D76F0F25-8384-4439-AD9E-94282FAAE0BD}.BASE RELEASE|Any CPU.ActiveCfg = BASE RELEASE|Any CPU
		{D76F0F25-8384-4439-AD9E-94282FAAE0BD}.BASE RELEASE|Any CPU.Build.0 = BASE RELEASE|Any CPU
		{D76F0F25-8384-4439-AD9E-94282FAAE0BD}.BASE|Any CPU.ActiveCfg = BASE|Any CPU
		{D76F0F25-8384-4439-AD9E-94282FAAE0BD}.BASE|Any CPU.Build.0 = BASE|Any CPU
		{D76F0F25-8384-4439-AD9E-94282FAAE0BD}.CONSULTE|Any CPU.ActiveCfg = CONSULTE|Any CPU
		{D76F0F25-8384-4439-AD9E-94282FAAE0BD}.CONSULTE|Any CPU.Build.0 = CONSULTE|Any CPU
		{D76F0F25-8384-4439-AD9E-94282FAAE0BD}.Debug|Any CPU.ActiveCfg = Debug|Any CPU
		{D76F0F25-8384-4439-AD9E-94282FAAE0BD}.Debug|Any CPU.Build.0 = Debug|Any CPU
		{D76F0F25-8384-4439-AD9E-94282FAAE0BD}.EMPORIUM|Any CPU.ActiveCfg = EMPORIUM|Any CPU
		{D76F0F25-8384-4439-AD9E-94282FAAE0BD}.EMPORIUM|Any CPU.Build.0 = EMPORIUM|Any CPU
		{D76F0F25-8384-4439-AD9E-94282FAAE0BD}.Release|Any CPU.ActiveCfg = Release|Any CPU
		{D76F0F25-8384-4439-AD9E-94282FAAE0BD}.Release|Any CPU.Build.0 = Release|Any CPU
		{D76F0F25-8384-4439-AD9E-94282FAAE0BD}.RUBA|Any CPU.ActiveCfg = RUBA|Any CPU
		{D76F0F25-8384-4439-AD9E-94282FAAE0BD}.RUBA|Any CPU.Build.0 = RUBA|Any CPU
		{054F08A5-AB0D-4D31-8342-6FDC87A0AF10}.BASE ALORA|Any CPU.ActiveCfg = BASE ALORA|Any CPU
		{054F08A5-AB0D-4D31-8342-6FDC87A0AF10}.BASE ALORA|Any CPU.Build.0 = BASE ALORA|Any CPU
		{054F08A5-AB0D-4D31-8342-6FDC87A0AF10}.BASE DEMO|Any CPU.ActiveCfg = BASE DEMO|Any CPU
		{054F08A5-AB0D-4D31-8342-6FDC87A0AF10}.BASE DEMO|Any CPU.Build.0 = BASE DEMO|Any CPU
		{054F08A5-AB0D-4D31-8342-6FDC87A0AF10}.BASE RELEASE|Any CPU.ActiveCfg = BASE RELEASE|Any CPU
		{054F08A5-AB0D-4D31-8342-6FDC87A0AF10}.BASE RELEASE|Any CPU.Build.0 = BASE RELEASE|Any CPU
		{054F08A5-AB0D-4D31-8342-6FDC87A0AF10}.BASE|Any CPU.ActiveCfg = BASE|Any CPU
		{054F08A5-AB0D-4D31-8342-6FDC87A0AF10}.BASE|Any CPU.Build.0 = BASE|Any CPU
		{054F08A5-AB0D-4D31-8342-6FDC87A0AF10}.CONSULTE|Any CPU.ActiveCfg = CONSULTE|Any CPU
		{054F08A5-AB0D-4D31-8342-6FDC87A0AF10}.CONSULTE|Any CPU.Build.0 = CONSULTE|Any CPU
		{054F08A5-AB0D-4D31-8342-6FDC87A0AF10}.Debug|Any CPU.ActiveCfg = Debug|Any CPU
		{054F08A5-AB0D-4D31-8342-6FDC87A0AF10}.Debug|Any CPU.Build.0 = Debug|Any CPU
		{054F08A5-AB0D-4D31-8342-6FDC87A0AF10}.EMPORIUM|Any CPU.ActiveCfg = EMPORIUM|Any CPU
		{054F08A5-AB0D-4D31-8342-6FDC87A0AF10}.EMPORIUM|Any CPU.Build.0 = EMPORIUM|Any CPU
		{054F08A5-AB0D-4D31-8342-6FDC87A0AF10}.Release|Any CPU.ActiveCfg = Release|Any CPU
		{054F08A5-AB0D-4D31-8342-6FDC87A0AF10}.Release|Any CPU.Build.0 = Release|Any CPU
		{054F08A5-AB0D-4D31-8342-6FDC87A0AF10}.RUBA|Any CPU.ActiveCfg = RUBA|Any CPU
		{054F08A5-AB0D-4D31-8342-6FDC87A0AF10}.RUBA|Any CPU.Build.0 = RUBA|Any CPU
	EndGlobalSection
	GlobalSection(SolutionProperties) = preSolution
		HideSolutionNode = FALSE
	EndGlobalSection
	GlobalSection(NestedProjects) = preSolution
		{6DFBFA1A-70B1-4AE3-8F8E-0581986D7AD3} = {616B5480-F160-4A18-AA83-951BF1A8C7BF}
		{D419E7E9-B99F-4124-8B4D-28514159EC6F} = {616B5480-F160-4A18-AA83-951BF1A8C7BF}
		{F14F0CF6-0B1C-4E36-B9CC-6DE2A3EEEC68} = {616B5480-F160-4A18-AA83-951BF1A8C7BF}
		{5EBCF491-39AE-4133-87D4-C49565AD5309} = {616B5480-F160-4A18-AA83-951BF1A8C7BF}
		{3E5F773D-9AA9-4841-B9BB-CE2B998797C8} = {22D1DFF8-B9E8-4B67-AA20-A6857EE8A200}
		{86B91830-A051-47FE-8F61-848F2723B547} = {6DBE1C0C-9EC7-4E09-816A-6BF193E59E6C}
		{370C9CD6-F56E-4AAB-85D9-6438B11CCF04} = {C6EA7A2D-AF8C-47D0-8E57-95B09070BAA8}
		{CE769D06-1627-4FB0-88E7-F314CD2D93C0} = {C6EA7A2D-AF8C-47D0-8E57-95B09070BAA8}
		{D76F0F25-8384-4439-AD9E-94282FAAE0BD} = {C6EA7A2D-AF8C-47D0-8E57-95B09070BAA8}
		{054F08A5-AB0D-4D31-8342-6FDC87A0AF10} = {C6EA7A2D-AF8C-47D0-8E57-95B09070BAA8}
		{4B6F48AD-FD7F-4336-93BC-AE78C79DBE3D} = {4BDDC2F3-3746-4D42-AF0A-ED62C236EF28}
	EndGlobalSection
	GlobalSection(ExtensibilityGlobals) = postSolution
		SolutionGuid = {6CA20F24-A004-40B5-B239-FD38BDEEE4F7}
	EndGlobalSection
EndGlobal
